// !$*UTF8*$!
{
	archiveVersion = 1;
	classes = {
	};
	objectVersion = 46;
	objects = {

/* Begin PBXBuildFile section */
		C19ED6681BC63F4900AACA71 /* AppDelegate.swift in Sources */ = {isa = PBXBuildFile; fileRef = C19ED6671BC63F4900AACA71 /* AppDelegate.swift */; };
		C19ED66A1BC63F4900AACA71 /* ViewController.swift in Sources */ = {isa = PBXBuildFile; fileRef = C19ED6691BC63F4900AACA71 /* ViewController.swift */; };
		C19ED66D1BC63F4A00AACA71 /* Main.storyboard in Resources */ = {isa = PBXBuildFile; fileRef = C19ED66B1BC63F4A00AACA71 /* Main.storyboard */; };
		C19ED66F1BC63F4A00AACA71 /* Assets.xcassets in Resources */ = {isa = PBXBuildFile; fileRef = C19ED66E1BC63F4A00AACA71 /* Assets.xcassets */; };
		C19ED6721BC63F4A00AACA71 /* LaunchScreen.storyboard in Resources */ = {isa = PBXBuildFile; fileRef = C19ED6701BC63F4A00AACA71 /* LaunchScreen.storyboard */; };
		C19ED67D1BC63F4A00AACA71 /* DeckViewControllerTests.swift in Sources */ = {isa = PBXBuildFile; fileRef = C19ED67C1BC63F4A00AACA71 /* DeckViewControllerTests.swift */; };
		C19ED6881BC63F4A00AACA71 /* DeckViewControllerUITests.swift in Sources */ = {isa = PBXBuildFile; fileRef = C19ED6871BC63F4A00AACA71 /* DeckViewControllerUITests.swift */; };
		C19ED6961BC640FE00AACA71 /* FeedViewController.swift in Sources */ = {isa = PBXBuildFile; fileRef = C19ED6951BC640FE00AACA71 /* FeedViewController.swift */; settings = {ASSET_TAGS = (); }; };
		C19ED6981BC6429D00AACA71 /* DeckViewController.swift in Sources */ = {isa = PBXBuildFile; fileRef = C19ED6971BC6429D00AACA71 /* DeckViewController.swift */; settings = {ASSET_TAGS = (); }; };
		C1CB6A741BC762F600462C0D /* CardPresentationController.swift in Sources */ = {isa = PBXBuildFile; fileRef = C1CB6A731BC762F600462C0D /* CardPresentationController.swift */; settings = {ASSET_TAGS = (); }; };
		C1CB6A761BC7630E00462C0D /* CardTransitioningDelegate.swift in Sources */ = {isa = PBXBuildFile; fileRef = C1CB6A751BC7630E00462C0D /* CardTransitioningDelegate.swift */; settings = {ASSET_TAGS = (); }; };
		C1CB6A781BC7633800462C0D /* CardTransitionAnimator.swift in Sources */ = {isa = PBXBuildFile; fileRef = C1CB6A771BC7633800462C0D /* CardTransitionAnimator.swift */; settings = {ASSET_TAGS = (); }; };
		C1DCFCAD1BC7CE6B00CE10EA /* CardViewController.swift in Sources */ = {isa = PBXBuildFile; fileRef = C1DCFCAC1BC7CE6B00CE10EA /* CardViewController.swift */; settings = {ASSET_TAGS = (); }; };
/* End PBXBuildFile section */

/* Begin PBXContainerItemProxy section */
		C19ED6791BC63F4A00AACA71 /* PBXContainerItemProxy */ = {
			isa = PBXContainerItemProxy;
			containerPortal = C19ED65C1BC63F4900AACA71 /* Project object */;
			proxyType = 1;
			remoteGlobalIDString = C19ED6631BC63F4900AACA71;
			remoteInfo = DeckViewController;
		};
		C19ED6841BC63F4A00AACA71 /* PBXContainerItemProxy */ = {
			isa = PBXContainerItemProxy;
			containerPortal = C19ED65C1BC63F4900AACA71 /* Project object */;
			proxyType = 1;
			remoteGlobalIDString = C19ED6631BC63F4900AACA71;
			remoteInfo = DeckViewController;
		};
/* End PBXContainerItemProxy section */

/* Begin PBXFileReference section */
		C19ED6641BC63F4900AACA71 /* DeckViewController.app */ = {isa = PBXFileReference; explicitFileType = wrapper.application; includeInIndex = 0; path = DeckViewController.app; sourceTree = BUILT_PRODUCTS_DIR; };
		C19ED6671BC63F4900AACA71 /* AppDelegate.swift */ = {isa = PBXFileReference; lastKnownFileType = sourcecode.swift; path = AppDelegate.swift; sourceTree = "<group>"; };
		C19ED6691BC63F4900AACA71 /* ViewController.swift */ = {isa = PBXFileReference; lastKnownFileType = sourcecode.swift; path = ViewController.swift; sourceTree = "<group>"; };
		C19ED66C1BC63F4A00AACA71 /* Base */ = {isa = PBXFileReference; lastKnownFileType = file.storyboard; name = Base; path = Base.lproj/Main.storyboard; sourceTree = "<group>"; };
		C19ED66E1BC63F4A00AACA71 /* Assets.xcassets */ = {isa = PBXFileReference; lastKnownFileType = folder.assetcatalog; path = Assets.xcassets; sourceTree = "<group>"; };
		C19ED6711BC63F4A00AACA71 /* Base */ = {isa = PBXFileReference; lastKnownFileType = file.storyboard; name = Base; path = Base.lproj/LaunchScreen.storyboard; sourceTree = "<group>"; };
		C19ED6731BC63F4A00AACA71 /* Info.plist */ = {isa = PBXFileReference; lastKnownFileType = text.plist.xml; path = Info.plist; sourceTree = "<group>"; };
		C19ED6781BC63F4A00AACA71 /* DeckViewControllerTests.xctest */ = {isa = PBXFileReference; explicitFileType = wrapper.cfbundle; includeInIndex = 0; path = DeckViewControllerTests.xctest; sourceTree = BUILT_PRODUCTS_DIR; };
		C19ED67C1BC63F4A00AACA71 /* DeckViewControllerTests.swift */ = {isa = PBXFileReference; lastKnownFileType = sourcecode.swift; path = DeckViewControllerTests.swift; sourceTree = "<group>"; };
		C19ED67E1BC63F4A00AACA71 /* Info.plist */ = {isa = PBXFileReference; lastKnownFileType = text.plist.xml; path = Info.plist; sourceTree = "<group>"; };
		C19ED6831BC63F4A00AACA71 /* DeckViewControllerUITests.xctest */ = {isa = PBXFileReference; explicitFileType = wrapper.cfbundle; includeInIndex = 0; path = DeckViewControllerUITests.xctest; sourceTree = BUILT_PRODUCTS_DIR; };
		C19ED6871BC63F4A00AACA71 /* DeckViewControllerUITests.swift */ = {isa = PBXFileReference; lastKnownFileType = sourcecode.swift; path = DeckViewControllerUITests.swift; sourceTree = "<group>"; };
		C19ED6891BC63F4A00AACA71 /* Info.plist */ = {isa = PBXFileReference; lastKnownFileType = text.plist.xml; path = Info.plist; sourceTree = "<group>"; };
		C19ED6951BC640FE00AACA71 /* FeedViewController.swift */ = {isa = PBXFileReference; fileEncoding = 4; lastKnownFileType = sourcecode.swift; path = FeedViewController.swift; sourceTree = "<group>"; };
		C19ED6971BC6429D00AACA71 /* DeckViewController.swift */ = {isa = PBXFileReference; fileEncoding = 4; lastKnownFileType = sourcecode.swift; path = DeckViewController.swift; sourceTree = "<group>"; };
		C1CB6A731BC762F600462C0D /* CardPresentationController.swift */ = {isa = PBXFileReference; fileEncoding = 4; lastKnownFileType = sourcecode.swift; path = CardPresentationController.swift; sourceTree = "<group>"; };
		C1CB6A751BC7630E00462C0D /* CardTransitioningDelegate.swift */ = {isa = PBXFileReference; fileEncoding = 4; lastKnownFileType = sourcecode.swift; path = CardTransitioningDelegate.swift; sourceTree = "<group>"; };
		C1CB6A771BC7633800462C0D /* CardTransitionAnimator.swift */ = {isa = PBXFileReference; fileEncoding = 4; lastKnownFileType = sourcecode.swift; path = CardTransitionAnimator.swift; sourceTree = "<group>"; };
		C1DCFCAC1BC7CE6B00CE10EA /* CardViewController.swift */ = {isa = PBXFileReference; fileEncoding = 4; lastKnownFileType = sourcecode.swift; path = CardViewController.swift; sourceTree = "<group>"; };
/* End PBXFileReference section */

/* Begin PBXFrameworksBuildPhase section */
		C19ED6611BC63F4900AACA71 /* Frameworks */ = {
			isa = PBXFrameworksBuildPhase;
			buildActionMask = 2147483647;
			files = (
			);
			runOnlyForDeploymentPostprocessing = 0;
		};
		C19ED6751BC63F4A00AACA71 /* Frameworks */ = {
			isa = PBXFrameworksBuildPhase;
			buildActionMask = 2147483647;
			files = (
			);
			runOnlyForDeploymentPostprocessing = 0;
		};
		C19ED6801BC63F4A00AACA71 /* Frameworks */ = {
			isa = PBXFrameworksBuildPhase;
			buildActionMask = 2147483647;
			files = (
			);
			runOnlyForDeploymentPostprocessing = 0;
		};
/* End PBXFrameworksBuildPhase section */

/* Begin PBXGroup section */
		C14D403D1BCB1FEC0059BA0A /* Resources */ = {
			isa = PBXGroup;
			children = (
				C19ED66B1BC63F4A00AACA71 /* Main.storyboard */,
				C19ED6701BC63F4A00AACA71 /* LaunchScreen.storyboard */,
				C19ED6731BC63F4A00AACA71 /* Info.plist */,
				C19ED66E1BC63F4A00AACA71 /* Assets.xcassets */,
			);
			name = Resources;
			sourceTree = "<group>";
		};
		C19ED65B1BC63F4900AACA71 = {
			isa = PBXGroup;
			children = (
				C19ED6661BC63F4900AACA71 /* DeckViewController */,
				C19ED67B1BC63F4A00AACA71 /* DeckViewControllerTests */,
				C19ED6861BC63F4A00AACA71 /* DeckViewControllerUITests */,
				C19ED6651BC63F4900AACA71 /* Products */,
			);
			sourceTree = "<group>";
		};
		C19ED6651BC63F4900AACA71 /* Products */ = {
			isa = PBXGroup;
			children = (
				C19ED6641BC63F4900AACA71 /* DeckViewController.app */,
				C19ED6781BC63F4A00AACA71 /* DeckViewControllerTests.xctest */,
				C19ED6831BC63F4A00AACA71 /* DeckViewControllerUITests.xctest */,
			);
			name = Products;
			sourceTree = "<group>";
		};
		C19ED6661BC63F4900AACA71 /* DeckViewController */ = {
			isa = PBXGroup;
			children = (
				C1CB6A701BC762C100462C0D /* Presentation Controllers */,
				C1CB6A711BC762D000462C0D /* Transitioning Delegates */,
				C1CB6A721BC762D600462C0D /* Animators */,
				C14D403D1BCB1FEC0059BA0A /* Resources */,
				C19ED6671BC63F4900AACA71 /* AppDelegate.swift */,
				C19ED6691BC63F4900AACA71 /* ViewController.swift */,
				C19ED6951BC640FE00AACA71 /* FeedViewController.swift */,
				C19ED6971BC6429D00AACA71 /* DeckViewController.swift */,
				C1DCFCAC1BC7CE6B00CE10EA /* CardViewController.swift */,
			);
			path = DeckViewController;
			sourceTree = "<group>";
		};
		C19ED67B1BC63F4A00AACA71 /* DeckViewControllerTests */ = {
			isa = PBXGroup;
			children = (
				C19ED67C1BC63F4A00AACA71 /* DeckViewControllerTests.swift */,
				C19ED67E1BC63F4A00AACA71 /* Info.plist */,
			);
			path = DeckViewControllerTests;
			sourceTree = "<group>";
		};
		C19ED6861BC63F4A00AACA71 /* DeckViewControllerUITests */ = {
			isa = PBXGroup;
			children = (
				C19ED6871BC63F4A00AACA71 /* DeckViewControllerUITests.swift */,
				C19ED6891BC63F4A00AACA71 /* Info.plist */,
			);
			path = DeckViewControllerUITests;
			sourceTree = "<group>";
		};
		C1CB6A701BC762C100462C0D /* Presentation Controllers */ = {
			isa = PBXGroup;
			children = (
				C1CB6A731BC762F600462C0D /* CardPresentationController.swift */,
			);
			name = "Presentation Controllers";
			sourceTree = "<group>";
		};
		C1CB6A711BC762D000462C0D /* Transitioning Delegates */ = {
			isa = PBXGroup;
			children = (
				C1CB6A751BC7630E00462C0D /* CardTransitioningDelegate.swift */,
			);
			name = "Transitioning Delegates";
			sourceTree = "<group>";
		};
		C1CB6A721BC762D600462C0D /* Animators */ = {
			isa = PBXGroup;
			children = (
				C1CB6A771BC7633800462C0D /* CardTransitionAnimator.swift */,
			);
			name = Animators;
			sourceTree = "<group>";
		};
/* End PBXGroup section */

/* Begin PBXNativeTarget section */
		C19ED6631BC63F4900AACA71 /* DeckViewController */ = {
			isa = PBXNativeTarget;
			buildConfigurationList = C19ED68C1BC63F4A00AACA71 /* Build configuration list for PBXNativeTarget "DeckViewController" */;
			buildPhases = (
				C19ED6601BC63F4900AACA71 /* Sources */,
				C19ED6611BC63F4900AACA71 /* Frameworks */,
				C19ED6621BC63F4900AACA71 /* Resources */,
			);
			buildRules = (
			);
			dependencies = (
			);
			name = DeckViewController;
			productName = DeckViewController;
			productReference = C19ED6641BC63F4900AACA71 /* DeckViewController.app */;
			productType = "com.apple.product-type.application";
		};
		C19ED6771BC63F4A00AACA71 /* DeckViewControllerTests */ = {
			isa = PBXNativeTarget;
			buildConfigurationList = C19ED68F1BC63F4A00AACA71 /* Build configuration list for PBXNativeTarget "DeckViewControllerTests" */;
			buildPhases = (
				C19ED6741BC63F4A00AACA71 /* Sources */,
				C19ED6751BC63F4A00AACA71 /* Frameworks */,
				C19ED6761BC63F4A00AACA71 /* Resources */,
			);
			buildRules = (
			);
			dependencies = (
				C19ED67A1BC63F4A00AACA71 /* PBXTargetDependency */,
			);
			name = DeckViewControllerTests;
			productName = DeckViewControllerTests;
			productReference = C19ED6781BC63F4A00AACA71 /* DeckViewControllerTests.xctest */;
			productType = "com.apple.product-type.bundle.unit-test";
		};
		C19ED6821BC63F4A00AACA71 /* DeckViewControllerUITests */ = {
			isa = PBXNativeTarget;
			buildConfigurationList = C19ED6921BC63F4A00AACA71 /* Build configuration list for PBXNativeTarget "DeckViewControllerUITests" */;
			buildPhases = (
				C19ED67F1BC63F4A00AACA71 /* Sources */,
				C19ED6801BC63F4A00AACA71 /* Frameworks */,
				C19ED6811BC63F4A00AACA71 /* Resources */,
			);
			buildRules = (
			);
			dependencies = (
				C19ED6851BC63F4A00AACA71 /* PBXTargetDependency */,
			);
			name = DeckViewControllerUITests;
			productName = DeckViewControllerUITests;
			productReference = C19ED6831BC63F4A00AACA71 /* DeckViewControllerUITests.xctest */;
			productType = "com.apple.product-type.bundle.ui-testing";
		};
/* End PBXNativeTarget section */

/* Begin PBXProject section */
		C19ED65C1BC63F4900AACA71 /* Project object */ = {
			isa = PBXProject;
			attributes = {
				LastUpgradeCheck = 0700;
				ORGANIZATIONNAME = "Peter Nicholls";
				TargetAttributes = {
					C19ED6631BC63F4900AACA71 = {
						CreatedOnToolsVersion = 7.0.1;
					};
					C19ED6771BC63F4A00AACA71 = {
						CreatedOnToolsVersion = 7.0.1;
						TestTargetID = C19ED6631BC63F4900AACA71;
					};
					C19ED6821BC63F4A00AACA71 = {
						CreatedOnToolsVersion = 7.0.1;
						TestTargetID = C19ED6631BC63F4900AACA71;
					};
				};
			};
			buildConfigurationList = C19ED65F1BC63F4900AACA71 /* Build configuration list for PBXProject "DeckViewController" */;
			compatibilityVersion = "Xcode 3.2";
			developmentRegion = English;
			hasScannedForEncodings = 0;
			knownRegions = (
				en,
				Base,
			);
			mainGroup = C19ED65B1BC63F4900AACA71;
			productRefGroup = C19ED6651BC63F4900AACA71 /* Products */;
			projectDirPath = "";
			projectRoot = "";
			targets = (
				C19ED6631BC63F4900AACA71 /* DeckViewController */,
				C19ED6771BC63F4A00AACA71 /* DeckViewControllerTests */,
				C19ED6821BC63F4A00AACA71 /* DeckViewControllerUITests */,
			);
		};
/* End PBXProject section */

/* Begin PBXResourcesBuildPhase section */
		C19ED6621BC63F4900AACA71 /* Resources */ = {
			isa = PBXResourcesBuildPhase;
			buildActionMask = 2147483647;
			files = (
				C19ED6721BC63F4A00AACA71 /* LaunchScreen.storyboard in Resources */,
				C19ED66F1BC63F4A00AACA71 /* Assets.xcassets in Resources */,
				C19ED66D1BC63F4A00AACA71 /* Main.storyboard in Resources */,
			);
			runOnlyForDeploymentPostprocessing = 0;
		};
		C19ED6761BC63F4A00AACA71 /* Resources */ = {
			isa = PBXResourcesBuildPhase;
			buildActionMask = 2147483647;
			files = (
			);
			runOnlyForDeploymentPostprocessing = 0;
		};
		C19ED6811BC63F4A00AACA71 /* Resources */ = {
			isa = PBXResourcesBuildPhase;
			buildActionMask = 2147483647;
			files = (
			);
			runOnlyForDeploymentPostprocessing = 0;
		};
/* End PBXResourcesBuildPhase section */

/* Begin PBXSourcesBuildPhase section */
		C19ED6601BC63F4900AACA71 /* Sources */ = {
			isa = PBXSourcesBuildPhase;
			buildActionMask = 2147483647;
			files = (
				C1CB6A761BC7630E00462C0D /* CardTransitioningDelegate.swift in Sources */,
				C1CB6A741BC762F600462C0D /* CardPresentationController.swift in Sources */,
				C19ED66A1BC63F4900AACA71 /* ViewController.swift in Sources */,
				C19ED6961BC640FE00AACA71 /* FeedViewController.swift in Sources */,
				C19ED6681BC63F4900AACA71 /* AppDelegate.swift in Sources */,
				C19ED6981BC6429D00AACA71 /* DeckViewController.swift in Sources */,
				C1DCFCAD1BC7CE6B00CE10EA /* CardViewController.swift in Sources */,
				C1CB6A781BC7633800462C0D /* CardTransitionAnimator.swift in Sources */,
			);
			runOnlyForDeploymentPostprocessing = 0;
		};
		C19ED6741BC63F4A00AACA71 /* Sources */ = {
			isa = PBXSourcesBuildPhase;
			buildActionMask = 2147483647;
			files = (
				C19ED67D1BC63F4A00AACA71 /* DeckViewControllerTests.swift in Sources */,
			);
			runOnlyForDeploymentPostprocessing = 0;
		};
		C19ED67F1BC63F4A00AACA71 /* Sources */ = {
			isa = PBXSourcesBuildPhase;
			buildActionMask = 2147483647;
			files = (
				C19ED6881BC63F4A00AACA71 /* DeckViewControllerUITests.swift in Sources */,
			);
			runOnlyForDeploymentPostprocessing = 0;
		};
/* End PBXSourcesBuildPhase section */

/* Begin PBXTargetDependency section */
		C19ED67A1BC63F4A00AACA71 /* PBXTargetDependency */ = {
			isa = PBXTargetDependency;
			target = C19ED6631BC63F4900AACA71 /* DeckViewController */;
			targetProxy = C19ED6791BC63F4A00AACA71 /* PBXContainerItemProxy */;
		};
		C19ED6851BC63F4A00AACA71 /* PBXTargetDependency */ = {
			isa = PBXTargetDependency;
			target = C19ED6631BC63F4900AACA71 /* DeckViewController */;
			targetProxy = C19ED6841BC63F4A00AACA71 /* PBXContainerItemProxy */;
		};
/* End PBXTargetDependency section */

/* Begin PBXVariantGroup section */
		C19ED66B1BC63F4A00AACA71 /* Main.storyboard */ = {
			isa = PBXVariantGroup;
			children = (
				C19ED66C1BC63F4A00AACA71 /* Base */,
			);
			name = Main.storyboard;
			sourceTree = "<group>";
		};
		C19ED6701BC63F4A00AACA71 /* LaunchScreen.storyboard */ = {
			isa = PBXVariantGroup;
			children = (
				C19ED6711BC63F4A00AACA71 /* Base */,
			);
			name = LaunchScreen.storyboard;
			sourceTree = "<group>";
		};
/* End PBXVariantGroup section */

/* Begin XCBuildConfiguration section */
		C19ED68A1BC63F4A00AACA71 /* Debug */ = {
			isa = XCBuildConfiguration;
			buildSettings = {
				ALWAYS_SEARCH_USER_PATHS = NO;
				CLANG_CXX_LANGUAGE_STANDARD = "gnu++0x";
				CLANG_CXX_LIBRARY = "libc++";
				CLANG_ENABLE_MODULES = YES;
				CLANG_ENABLE_OBJC_ARC = YES;
				CLANG_WARN_BOOL_CONVERSION = YES;
				CLANG_WARN_CONSTANT_CONVERSION = YES;
				CLANG_WARN_DIRECT_OBJC_ISA_USAGE = YES_ERROR;
				CLANG_WARN_EMPTY_BODY = YES;
				CLANG_WARN_ENUM_CONVERSION = YES;
				CLANG_WARN_INT_CONVERSION = YES;
				CLANG_WARN_OBJC_ROOT_CLASS = YES_ERROR;
				CLANG_WARN_UNREACHABLE_CODE = YES;
				CLANG_WARN__DUPLICATE_METHOD_MATCH = YES;
				"CODE_SIGN_IDENTITY[sdk=iphoneos*]" = "iPhone Developer";
				COPY_PHASE_STRIP = NO;
				DEBUG_INFORMATION_FORMAT = dwarf;
				ENABLE_STRICT_OBJC_MSGSEND = YES;
				ENABLE_TESTABILITY = YES;
				GCC_C_LANGUAGE_STANDARD = gnu99;
				GCC_DYNAMIC_NO_PIC = NO;
				GCC_NO_COMMON_BLOCKS = YES;
				GCC_OPTIMIZATION_LEVEL = 0;
				GCC_PREPROCESSOR_DEFINITIONS = (
					"DEBUG=1",
					"$(inherited)",
				);
				GCC_WARN_64_TO_32_BIT_CONVERSION = YES;
				GCC_WARN_ABOUT_RETURN_TYPE = YES_ERROR;
				GCC_WARN_UNDECLARED_SELECTOR = YES;
				GCC_WARN_UNINITIALIZED_AUTOS = YES_AGGRESSIVE;
				GCC_WARN_UNUSED_FUNCTION = YES;
				GCC_WARN_UNUSED_VARIABLE = YES;
				IPHONEOS_DEPLOYMENT_TARGET = 9.0;
				MTL_ENABLE_DEBUG_INFO = YES;
				ONLY_ACTIVE_ARCH = YES;
				SDKROOT = iphoneos;
				SWIFT_OPTIMIZATION_LEVEL = "-Onone";
				TARGETED_DEVICE_FAMILY = "1,2";
			};
			name = Debug;
		};
		C19ED68B1BC63F4A00AACA71 /* Release */ = {
			isa = XCBuildConfiguration;
			buildSettings = {
				ALWAYS_SEARCH_USER_PATHS = NO;
				CLANG_CXX_LANGUAGE_STANDARD = "gnu++0x";
				CLANG_CXX_LIBRARY = "libc++";
				CLANG_ENABLE_MODULES = YES;
				CLANG_ENABLE_OBJC_ARC = YES;
				CLANG_WARN_BOOL_CONVERSION = YES;
				CLANG_WARN_CONSTANT_CONVERSION = YES;
				CLANG_WARN_DIRECT_OBJC_ISA_USAGE = YES_ERROR;
				CLANG_WARN_EMPTY_BODY = YES;
				CLANG_WARN_ENUM_CONVERSION = YES;
				CLANG_WARN_INT_CONVERSION = YES;
				CLANG_WARN_OBJC_ROOT_CLASS = YES_ERROR;
				CLANG_WARN_UNREACHABLE_CODE = YES;
				CLANG_WARN__DUPLICATE_METHOD_MATCH = YES;
				"CODE_SIGN_IDENTITY[sdk=iphoneos*]" = "iPhone Developer";
				COPY_PHASE_STRIP = NO;
				DEBUG_INFORMATION_FORMAT = "dwarf-with-dsym";
				ENABLE_NS_ASSERTIONS = NO;
				ENABLE_STRICT_OBJC_MSGSEND = YES;
				GCC_C_LANGUAGE_STANDARD = gnu99;
				GCC_NO_COMMON_BLOCKS = YES;
				GCC_WARN_64_TO_32_BIT_CONVERSION = YES;
				GCC_WARN_ABOUT_RETURN_TYPE = YES_ERROR;
				GCC_WARN_UNDECLARED_SELECTOR = YES;
				GCC_WARN_UNINITIALIZED_AUTOS = YES_AGGRESSIVE;
				GCC_WARN_UNUSED_FUNCTION = YES;
				GCC_WARN_UNUSED_VARIABLE = YES;
				IPHONEOS_DEPLOYMENT_TARGET = 9.0;
				MTL_ENABLE_DEBUG_INFO = NO;
				SDKROOT = iphoneos;
				TARGETED_DEVICE_FAMILY = "1,2";
				VALIDATE_PRODUCT = YES;
			};
			name = Release;
		};
		C19ED68D1BC63F4A00AACA71 /* Debug */ = {
			isa = XCBuildConfiguration;
			buildSettings = {
				ASSETCATALOG_COMPILER_APPICON_NAME = AppIcon;
				INFOPLIST_FILE = DeckViewController/Info.plist;
				LD_RUNPATH_SEARCH_PATHS = "$(inherited) @executable_path/Frameworks";
				PRODUCT_BUNDLE_IDENTIFIER = com.peternicholls.deck.DeckViewController;
				PRODUCT_NAME = "$(TARGET_NAME)";
			};
			name = Debug;
		};
		C19ED68E1BC63F4A00AACA71 /* Release */ = {
			isa = XCBuildConfiguration;
			buildSettings = {
				ASSETCATALOG_COMPILER_APPICON_NAME = AppIcon;
				INFOPLIST_FILE = DeckViewController/Info.plist;
				LD_RUNPATH_SEARCH_PATHS = "$(inherited) @executable_path/Frameworks";
				PRODUCT_BUNDLE_IDENTIFIER = com.peternicholls.deck.DeckViewController;
				PRODUCT_NAME = "$(TARGET_NAME)";
			};
			name = Release;
		};
		C19ED6901BC63F4A00AACA71 /* Debug */ = {
			isa = XCBuildConfiguration;
			buildSettings = {
				BUNDLE_LOADER = "$(TEST_HOST)";
				INFOPLIST_FILE = DeckViewControllerTests/Info.plist;
				LD_RUNPATH_SEARCH_PATHS = "$(inherited) @executable_path/Frameworks @loader_path/Frameworks";
				PRODUCT_BUNDLE_IDENTIFIER = com.peternicholls.deck.DeckViewControllerTests;
				PRODUCT_NAME = "$(TARGET_NAME)";
				TEST_HOST = "$(BUILT_PRODUCTS_DIR)/DeckViewController.app/DeckViewController";
			};
			name = Debug;
		};
		C19ED6911BC63F4A00AACA71 /* Release */ = {
			isa = XCBuildConfiguration;
			buildSettings = {
				BUNDLE_LOADER = "$(TEST_HOST)";
				INFOPLIST_FILE = DeckViewControllerTests/Info.plist;
				LD_RUNPATH_SEARCH_PATHS = "$(inherited) @executable_path/Frameworks @loader_path/Frameworks";
				PRODUCT_BUNDLE_IDENTIFIER = com.peternicholls.deck.DeckViewControllerTests;
				PRODUCT_NAME = "$(TARGET_NAME)";
				TEST_HOST = "$(BUILT_PRODUCTS_DIR)/DeckViewController.app/DeckViewController";
			};
			name = Release;
		};
		C19ED6931BC63F4A00AACA71 /* Debug */ = {
			isa = XCBuildConfiguration;
			buildSettings = {
				INFOPLIST_FILE = DeckViewControllerUITests/Info.plist;
				LD_RUNPATH_SEARCH_PATHS = "$(inherited) @executable_path/Frameworks @loader_path/Frameworks";
				PRODUCT_BUNDLE_IDENTIFIER = com.peternicholls.deck.DeckViewControllerUITests;
				PRODUCT_NAME = "$(TARGET_NAME)";
				TEST_TARGET_NAME = DeckViewController;
				USES_XCTRUNNER = YES;
			};
			name = Debug;
		};
		C19ED6941BC63F4A00AACA71 /* Release */ = {
			isa = XCBuildConfiguration;
			buildSettings = {
				INFOPLIST_FILE = DeckViewControllerUITests/Info.plist;
				LD_RUNPATH_SEARCH_PATHS = "$(inherited) @executable_path/Frameworks @loader_path/Frameworks";
				PRODUCT_BUNDLE_IDENTIFIER = com.peternicholls.deck.DeckViewControllerUITests;
				PRODUCT_NAME = "$(TARGET_NAME)";
				TEST_TARGET_NAME = DeckViewController;
				USES_XCTRUNNER = YES;
			};
			name = Release;
		};
/* End XCBuildConfiguration section */

/* Begin XCConfigurationList section */
		C19ED65F1BC63F4900AACA71 /* Build configuration list for PBXProject "DeckViewController" */ = {
			isa = XCConfigurationList;
			buildConfigurations = (
				C19ED68A1BC63F4A00AACA71 /* Debug */,
				C19ED68B1BC63F4A00AACA71 /* Release */,
			);
			defaultConfigurationIsVisible = 0;
			defaultConfigurationName = Release;
		};
		C19ED68C1BC63F4A00AACA71 /* Build configuration list for PBXNativeTarget "DeckViewController" */ = {
			isa = XCConfigurationList;
			buildConfigurations = (
				C19ED68D1BC63F4A00AACA71 /* Debug */,
				C19ED68E1BC63F4A00AACA71 /* Release */,
			);
			defaultConfigurationIsVisible = 0;
			defaultConfigurationName = Release;
		};
		C19ED68F1BC63F4A00AACA71 /* Build configuration list for PBXNativeTarget "DeckViewControllerTests" */ = {
			isa = XCConfigurationList;
			buildConfigurations = (
				C19ED6901BC63F4A00AACA71 /* Debug */,
				C19ED6911BC63F4A00AACA71 /* Release */,
			);
			defaultConfigurationIsVisible = 0;
			defaultConfigurationName = Release;
		};
		C19ED6921BC63F4A00AACA71 /* Build configuration list for PBXNativeTarget "DeckViewControllerUITests" */ = {
			isa = XCConfigurationList;
			buildConfigurations = (
				C19ED6931BC63F4A00AACA71 /* Debug */,
				C19ED6941BC63F4A00AACA71 /* Release */,
			);
			defaultConfigurationIsVisible = 0;
			defaultConfigurationName = Release;
		};
/* End XCConfigurationList section */
	};
	rootObject = C19ED65C1BC63F4900AACA71 /* Project object */;
}
